// !$*UTF8*$!
{
	archiveVersion = 1;
	classes = {
	};
	objectVersion = 56;
	objects = {

/* Begin PBXBuildFile section */
		FE66C4322A103E3900455998 /* ToggleTestApp.swift in Sources */ = {isa = PBXBuildFile; fileRef = FE66C4312A103E3900455998 /* ToggleTestApp.swift */; };
		FE66C4342A103E3900455998 /* ContentView.swift in Sources */ = {isa = PBXBuildFile; fileRef = FE66C4332A103E3900455998 /* ContentView.swift */; };
		FE66C4362A103E3B00455998 /* Assets.xcassets in Resources */ = {isa = PBXBuildFile; fileRef = FE66C4352A103E3B00455998 /* Assets.xcassets */; };
		FE66C4392A103E3B00455998 /* Preview Assets.xcassets in Resources */ = {isa = PBXBuildFile; fileRef = FE66C4382A103E3B00455998 /* Preview Assets.xcassets */; };
		FE66C4432A103E3B00455998 /* ToggleTestTests.swift in Sources */ = {isa = PBXBuildFile; fileRef = FE66C4422A103E3B00455998 /* ToggleTestTests.swift */; };
		FE66C44D2A103E3B00455998 /* ToggleTestUITests.swift in Sources */ = {isa = PBXBuildFile; fileRef = FE66C44C2A103E3B00455998 /* ToggleTestUITests.swift */; };
		FE66C44F2A103E3B00455998 /* ToggleTestUITestsLaunchTests.swift in Sources */ = {isa = PBXBuildFile; fileRef = FE66C44E2A103E3B00455998 /* ToggleTestUITestsLaunchTests.swift */; };
/* End PBXBuildFile section */

/* Begin PBXContainerItemProxy section */
		FE66C43F2A103E3B00455998 /* PBXContainerItemProxy */ = {
			isa = PBXContainerItemProxy;
			containerPortal = FE66C4262A103E3900455998 /* Project object */;
			proxyType = 1;
			remoteGlobalIDString = FE66C42D2A103E3900455998;
			remoteInfo = ToggleTest;
		};
		FE66C4492A103E3B00455998 /* PBXContainerItemProxy */ = {
			isa = PBXContainerItemProxy;
			containerPortal = FE66C4262A103E3900455998 /* Project object */;
			proxyType = 1;
			remoteGlobalIDString = FE66C42D2A103E3900455998;
			remoteInfo = ToggleTest;
		};
/* End PBXContainerItemProxy section */

/* Begin PBXFileReference section */
		FE66C42E2A103E3900455998 /* ToggleTest.app */ = {isa = PBXFileReference; explicitFileType = wrapper.application; includeInIndex = 0; path = ToggleTest.app; sourceTree = BUILT_PRODUCTS_DIR; };
		FE66C4312A103E3900455998 /* ToggleTestApp.swift */ = {isa = PBXFileReference; lastKnownFileType = sourcecode.swift; path = ToggleTestApp.swift; sourceTree = "<group>"; };
		FE66C4332A103E3900455998 /* ContentView.swift */ = {isa = PBXFileReference; lastKnownFileType = sourcecode.swift; path = ContentView.swift; sourceTree = "<group>"; };
		FE66C4352A103E3B00455998 /* Assets.xcassets */ = {isa = PBXFileReference; lastKnownFileType = folder.assetcatalog; path = Assets.xcassets; sourceTree = "<group>"; };
		FE66C4382A103E3B00455998 /* Preview Assets.xcassets */ = {isa = PBXFileReference; lastKnownFileType = folder.assetcatalog; path = "Preview Assets.xcassets"; sourceTree = "<group>"; };
		FE66C43E2A103E3B00455998 /* ToggleTestTests.xctest */ = {isa = PBXFileReference; explicitFileType = wrapper.cfbundle; includeInIndex = 0; path = ToggleTestTests.xctest; sourceTree = BUILT_PRODUCTS_DIR; };
		FE66C4422A103E3B00455998 /* ToggleTestTests.swift */ = {isa = PBXFileReference; lastKnownFileType = sourcecode.swift; path = ToggleTestTests.swift; sourceTree = "<group>"; };
		FE66C4482A103E3B00455998 /* ToggleTestUITests.xctest */ = {isa = PBXFileReference; explicitFileType = wrapper.cfbundle; includeInIndex = 0; path = ToggleTestUITests.xctest; sourceTree = BUILT_PRODUCTS_DIR; };
		FE66C44C2A103E3B00455998 /* ToggleTestUITests.swift */ = {isa = PBXFileReference; lastKnownFileType = sourcecode.swift; path = ToggleTestUITests.swift; sourceTree = "<group>"; };
		FE66C44E2A103E3B00455998 /* ToggleTestUITestsLaunchTests.swift */ = {isa = PBXFileReference; lastKnownFileType = sourcecode.swift; path = ToggleTestUITestsLaunchTests.swift; sourceTree = "<group>"; };
/* End PBXFileReference section */

/* Begin PBXFrameworksBuildPhase section */
		FE66C42B2A103E3900455998 /* Frameworks */ = {
			isa = PBXFrameworksBuildPhase;
			buildActionMask = 2147483647;
			files = (
			);
			runOnlyForDeploymentPostprocessing = 0;
		};
		FE66C43B2A103E3B00455998 /* Frameworks */ = {
			isa = PBXFrameworksBuildPhase;
			buildActionMask = 2147483647;
			files = (
			);
			runOnlyForDeploymentPostprocessing = 0;
		};
		FE66C4452A103E3B00455998 /* Frameworks */ = {
			isa = PBXFrameworksBuildPhase;
			buildActionMask = 2147483647;
			files = (
			);
			runOnlyForDeploymentPostprocessing = 0;
		};
/* End PBXFrameworksBuildPhase section */

/* Begin PBXGroup section */
		FE66C4252A103E3900455998 = {
			isa = PBXGroup;
			children = (
				FE66C4302A103E3900455998 /* ToggleTest */,
				FE66C4412A103E3B00455998 /* ToggleTestTests */,
				FE66C44B2A103E3B00455998 /* ToggleTestUITests */,
				FE66C42F2A103E3900455998 /* Products */,
			);
			sourceTree = "<group>";
		};
		FE66C42F2A103E3900455998 /* Products */ = {
			isa = PBXGroup;
			children = (
				FE66C42E2A103E3900455998 /* ToggleTest.app */,
				FE66C43E2A103E3B00455998 /* ToggleTestTests.xctest */,
				FE66C4482A103E3B00455998 /* ToggleTestUITests.xctest */,
			);
			name = Products;
			sourceTree = "<group>";
		};
		FE66C4302A103E3900455998 /* ToggleTest */ = {
			isa = PBXGroup;
			children = (
				FE66C4312A103E3900455998 /* ToggleTestApp.swift */,
				FE66C4332A103E3900455998 /* ContentView.swift */,
				FE66C4352A103E3B00455998 /* Assets.xcassets */,
				FE66C4372A103E3B00455998 /* Preview Content */,
			);
			path = ToggleTest;
			sourceTree = "<group>";
		};
		FE66C4372A103E3B00455998 /* Preview Content */ = {
			isa = PBXGroup;
			children = (
				FE66C4382A103E3B00455998 /* Preview Assets.xcassets */,
			);
			path = "Preview Content";
			sourceTree = "<group>";
		};
		FE66C4412A103E3B00455998 /* ToggleTestTests */ = {
			isa = PBXGroup;
			children = (
				FE66C4422A103E3B00455998 /* ToggleTestTests.swift */,
			);
			path = ToggleTestTests;
			sourceTree = "<group>";
		};
		FE66C44B2A103E3B00455998 /* ToggleTestUITests */ = {
			isa = PBXGroup;
			children = (
				FE66C44C2A103E3B00455998 /* ToggleTestUITests.swift */,
				FE66C44E2A103E3B00455998 /* ToggleTestUITestsLaunchTests.swift */,
			);
			path = ToggleTestUITests;
			sourceTree = "<group>";
		};
/* End PBXGroup section */

/* Begin PBXNativeTarget section */
		FE66C42D2A103E3900455998 /* ToggleTest */ = {
			isa = PBXNativeTarget;
			buildConfigurationList = FE66C4522A103E3B00455998 /* Build configuration list for PBXNativeTarget "ToggleTest" */;
			buildPhases = (
				FE66C42A2A103E3900455998 /* Sources */,
				FE66C42B2A103E3900455998 /* Frameworks */,
				FE66C42C2A103E3900455998 /* Resources */,
			);
			buildRules = (
			);
			dependencies = (
			);
			name = ToggleTest;
			productName = ToggleTest;
			productReference = FE66C42E2A103E3900455998 /* ToggleTest.app */;
			productType = "com.apple.product-type.application";
		};
		FE66C43D2A103E3B00455998 /* ToggleTestTests */ = {
			isa = PBXNativeTarget;
			buildConfigurationList = FE66C4552A103E3B00455998 /* Build configuration list for PBXNativeTarget "ToggleTestTests" */;
			buildPhases = (
				FE66C43A2A103E3B00455998 /* Sources */,
				FE66C43B2A103E3B00455998 /* Frameworks */,
				FE66C43C2A103E3B00455998 /* Resources */,
			);
			buildRules = (
			);
			dependencies = (
				FE66C4402A103E3B00455998 /* PBXTargetDependency */,
			);
			name = ToggleTestTests;
			productName = ToggleTestTests;
			productReference = FE66C43E2A103E3B00455998 /* ToggleTestTests.xctest */;
			productType = "com.apple.product-type.bundle.unit-test";
		};
		FE66C4472A103E3B00455998 /* ToggleTestUITests */ = {
			isa = PBXNativeTarget;
			buildConfigurationList = FE66C4582A103E3B00455998 /* Build configuration list for PBXNativeTarget "ToggleTestUITests" */;
			buildPhases = (
				FE66C4442A103E3B00455998 /* Sources */,
				FE66C4452A103E3B00455998 /* Frameworks */,
				FE66C4462A103E3B00455998 /* Resources */,
			);
			buildRules = (
			);
			dependencies = (
				FE66C44A2A103E3B00455998 /* PBXTargetDependency */,
			);
			name = ToggleTestUITests;
			productName = ToggleTestUITests;
			productReference = FE66C4482A103E3B00455998 /* ToggleTestUITests.xctest */;
			productType = "com.apple.product-type.bundle.ui-testing";
		};
/* End PBXNativeTarget section */

/* Begin PBXProject section */
		FE66C4262A103E3900455998 /* Project object */ = {
			isa = PBXProject;
			attributes = {
				BuildIndependentTargetsInParallel = 1;
				LastSwiftUpdateCheck = 1430;
				LastUpgradeCheck = 1430;
				TargetAttributes = {
					FE66C42D2A103E3900455998 = {
						CreatedOnToolsVersion = 14.3;
					};
					FE66C43D2A103E3B00455998 = {
						CreatedOnToolsVersion = 14.3;
						TestTargetID = FE66C42D2A103E3900455998;
					};
					FE66C4472A103E3B00455998 = {
						CreatedOnToolsVersion = 14.3;
						TestTargetID = FE66C42D2A103E3900455998;
					};
				};
			};
			buildConfigurationList = FE66C4292A103E3900455998 /* Build configuration list for PBXProject "ToggleTest" */;
			compatibilityVersion = "Xcode 14.0";
			developmentRegion = en;
			hasScannedForEncodings = 0;
			knownRegions = (
				en,
				Base,
			);
			mainGroup = FE66C4252A103E3900455998;
			productRefGroup = FE66C42F2A103E3900455998 /* Products */;
			projectDirPath = "";
			projectRoot = "";
			targets = (
				FE66C42D2A103E3900455998 /* ToggleTest */,
				FE66C43D2A103E3B00455998 /* ToggleTestTests */,
				FE66C4472A103E3B00455998 /* ToggleTestUITests */,
			);
		};
/* End PBXProject section */

/* Begin PBXResourcesBuildPhase section */
		FE66C42C2A103E3900455998 /* Resources */ = {
			isa = PBXResourcesBuildPhase;
			buildActionMask = 2147483647;
			files = (
				FE66C4392A103E3B00455998 /* Preview Assets.xcassets in Resources */,
				FE66C4362A103E3B00455998 /* Assets.xcassets in Resources */,
			);
			runOnlyForDeploymentPostprocessing = 0;
		};
		FE66C43C2A103E3B00455998 /* Resources */ = {
			isa = PBXResourcesBuildPhase;
			buildActionMask = 2147483647;
			files = (
			);
			runOnlyForDeploymentPostprocessing = 0;
		};
		FE66C4462A103E3B00455998 /* Resources */ = {
			isa = PBXResourcesBuildPhase;
			buildActionMask = 2147483647;
			files = (
			);
			runOnlyForDeploymentPostprocessing = 0;
		};
/* End PBXResourcesBuildPhase section */

/* Begin PBXSourcesBuildPhase section */
		FE66C42A2A103E3900455998 /* Sources */ = {
			isa = PBXSourcesBuildPhase;
			buildActionMask = 2147483647;
			files = (
				FE66C4342A103E3900455998 /* ContentView.swift in Sources */,
				FE66C4322A103E3900455998 /* ToggleTestApp.swift in Sources */,
			);
			runOnlyForDeploymentPostprocessing = 0;
		};
		FE66C43A2A103E3B00455998 /* Sources */ = {
			isa = PBXSourcesBuildPhase;
			buildActionMask = 2147483647;
			files = (
				FE66C4432A103E3B00455998 /* ToggleTestTests.swift in Sources */,
			);
			runOnlyForDeploymentPostprocessing = 0;
		};
		FE66C4442A103E3B00455998 /* Sources */ = {
			isa = PBXSourcesBuildPhase;
			buildActionMask = 2147483647;
			files = (
				FE66C44F2A103E3B00455998 /* ToggleTestUITestsLaunchTests.swift in Sources */,
				FE66C44D2A103E3B00455998 /* ToggleTestUITests.swift in Sources */,
			);
			runOnlyForDeploymentPostprocessing = 0;
		};
/* End PBXSourcesBuildPhase section */

/* Begin PBXTargetDependency section */
		FE66C4402A103E3B00455998 /* PBXTargetDependency */ = {
			isa = PBXTargetDependency;
			target = FE66C42D2A103E3900455998 /* ToggleTest */;
			targetProxy = FE66C43F2A103E3B00455998 /* PBXContainerItemProxy */;
		};
		FE66C44A2A103E3B00455998 /* PBXTargetDependency */ = {
			isa = PBXTargetDependency;
			target = FE66C42D2A103E3900455998 /* ToggleTest */;
			targetProxy = FE66C4492A103E3B00455998 /* PBXContainerItemProxy */;
		};
/* End PBXTargetDependency section */

/* Begin XCBuildConfiguration section */
		FE66C4502A103E3B00455998 /* Debug */ = {
			isa = XCBuildConfiguration;
			buildSettings = {
				ALWAYS_SEARCH_USER_PATHS = NO;
				CLANG_ANALYZER_NONNULL = YES;
				CLANG_ANALYZER_NUMBER_OBJECT_CONVERSION = YES_AGGRESSIVE;
				CLANG_CXX_LANGUAGE_STANDARD = "gnu++20";
				CLANG_ENABLE_MODULES = YES;
				CLANG_ENABLE_OBJC_ARC = YES;
				CLANG_ENABLE_OBJC_WEAK = YES;
				CLANG_WARN_BLOCK_CAPTURE_AUTORELEASING = YES;
				CLANG_WARN_BOOL_CONVERSION = YES;
				CLANG_WARN_COMMA = YES;
				CLANG_WARN_CONSTANT_CONVERSION = YES;
				CLANG_WARN_DEPRECATED_OBJC_IMPLEMENTATIONS = YES;
				CLANG_WARN_DIRECT_OBJC_ISA_USAGE = YES_ERROR;
				CLANG_WARN_DOCUMENTATION_COMMENTS = YES;
				CLANG_WARN_EMPTY_BODY = YES;
				CLANG_WARN_ENUM_CONVERSION = YES;
				CLANG_WARN_INFINITE_RECURSION = YES;
				CLANG_WARN_INT_CONVERSION = YES;
				CLANG_WARN_NON_LITERAL_NULL_CONVERSION = YES;
				CLANG_WARN_OBJC_IMPLICIT_RETAIN_SELF = YES;
				CLANG_WARN_OBJC_LITERAL_CONVERSION = YES;
				CLANG_WARN_OBJC_ROOT_CLASS = YES_ERROR;
				CLANG_WARN_QUOTED_INCLUDE_IN_FRAMEWORK_HEADER = YES;
				CLANG_WARN_RANGE_LOOP_ANALYSIS = YES;
				CLANG_WARN_STRICT_PROTOTYPES = YES;
				CLANG_WARN_SUSPICIOUS_MOVE = YES;
				CLANG_WARN_UNGUARDED_AVAILABILITY = YES_AGGRESSIVE;
				CLANG_WARN_UNREACHABLE_CODE = YES;
				CLANG_WARN__DUPLICATE_METHOD_MATCH = YES;
				COPY_PHASE_STRIP = NO;
				DEBUG_INFORMATION_FORMAT = dwarf;
				ENABLE_STRICT_OBJC_MSGSEND = YES;
				ENABLE_TESTABILITY = YES;
				GCC_C_LANGUAGE_STANDARD = gnu11;
				GCC_DYNAMIC_NO_PIC = NO;
				GCC_NO_COMMON_BLOCKS = YES;
				GCC_OPTIMIZATION_LEVEL = 0;
				GCC_PREPROCESSOR_DEFINITIONS = (
					"DEBUG=1",
					"$(inherited)",
				);
				GCC_WARN_64_TO_32_BIT_CONVERSION = YES;
				GCC_WARN_ABOUT_RETURN_TYPE = YES_ERROR;
				GCC_WARN_UNDECLARED_SELECTOR = YES;
				GCC_WARN_UNINITIALIZED_AUTOS = YES_AGGRESSIVE;
				GCC_WARN_UNUSED_FUNCTION = YES;
				GCC_WARN_UNUSED_VARIABLE = YES;
				IPHONEOS_DEPLOYMENT_TARGET = 16.4;
				MTL_ENABLE_DEBUG_INFO = INCLUDE_SOURCE;
				MTL_FAST_MATH = YES;
				ONLY_ACTIVE_ARCH = YES;
				SDKROOT = iphoneos;
				SWIFT_ACTIVE_COMPILATION_CONDITIONS = DEBUG;
				SWIFT_OPTIMIZATION_LEVEL = "-Onone";
			};
			name = Debug;
		};
		FE66C4512A103E3B00455998 /* Release */ = {
			isa = XCBuildConfiguration;
			buildSettings = {
				ALWAYS_SEARCH_USER_PATHS = NO;
				CLANG_ANALYZER_NONNULL = YES;
				CLANG_ANALYZER_NUMBER_OBJECT_CONVERSION = YES_AGGRESSIVE;
				CLANG_CXX_LANGUAGE_STANDARD = "gnu++20";
				CLANG_ENABLE_MODULES = YES;
				CLANG_ENABLE_OBJC_ARC = YES;
				CLANG_ENABLE_OBJC_WEAK = YES;
				CLANG_WARN_BLOCK_CAPTURE_AUTORELEASING = YES;
				CLANG_WARN_BOOL_CONVERSION = YES;
				CLANG_WARN_COMMA = YES;
				CLANG_WARN_CONSTANT_CONVERSION = YES;
				CLANG_WARN_DEPRECATED_OBJC_IMPLEMENTATIONS = YES;
				CLANG_WARN_DIRECT_OBJC_ISA_USAGE = YES_ERROR;
				CLANG_WARN_DOCUMENTATION_COMMENTS = YES;
				CLANG_WARN_EMPTY_BODY = YES;
				CLANG_WARN_ENUM_CONVERSION = YES;
				CLANG_WARN_INFINITE_RECURSION = YES;
				CLANG_WARN_INT_CONVERSION = YES;
				CLANG_WARN_NON_LITERAL_NULL_CONVERSION = YES;
				CLANG_WARN_OBJC_IMPLICIT_RETAIN_SELF = YES;
				CLANG_WARN_OBJC_LITERAL_CONVERSION = YES;
				CLANG_WARN_OBJC_ROOT_CLASS = YES_ERROR;
				CLANG_WARN_QUOTED_INCLUDE_IN_FRAMEWORK_HEADER = YES;
				CLANG_WARN_RANGE_LOOP_ANALYSIS = YES;
				CLANG_WARN_STRICT_PROTOTYPES = YES;
				CLANG_WARN_SUSPICIOUS_MOVE = YES;
				CLANG_WARN_UNGUARDED_AVAILABILITY = YES_AGGRESSIVE;
				CLANG_WARN_UNREACHABLE_CODE = YES;
				CLANG_WARN__DUPLICATE_METHOD_MATCH = YES;
				COPY_PHASE_STRIP = NO;
				DEBUG_INFORMATION_FORMAT = "dwarf-with-dsym";
				ENABLE_NS_ASSERTIONS = NO;
				ENABLE_STRICT_OBJC_MSGSEND = YES;
				GCC_C_LANGUAGE_STANDARD = gnu11;
				GCC_NO_COMMON_BLOCKS = YES;
				GCC_WARN_64_TO_32_BIT_CONVERSION = YES;
				GCC_WARN_ABOUT_RETURN_TYPE = YES_ERROR;
				GCC_WARN_UNDECLARED_SELECTOR = YES;
				GCC_WARN_UNINITIALIZED_AUTOS = YES_AGGRESSIVE;
				GCC_WARN_UNUSED_FUNCTION = YES;
				GCC_WARN_UNUSED_VARIABLE = YES;
				IPHONEOS_DEPLOYMENT_TARGET = 16.4;
				MTL_ENABLE_DEBUG_INFO = NO;
				MTL_FAST_MATH = YES;
				SDKROOT = iphoneos;
				SWIFT_COMPILATION_MODE = wholemodule;
				SWIFT_OPTIMIZATION_LEVEL = "-O";
				VALIDATE_PRODUCT = YES;
			};
			name = Release;
		};
		FE66C4532A103E3B00455998 /* Debug */ = {
			isa = XCBuildConfiguration;
			buildSettings = {
				ASSETCATALOG_COMPILER_APPICON_NAME = AppIcon;
				ASSETCATALOG_COMPILER_GLOBAL_ACCENT_COLOR_NAME = AccentColor;
				CODE_SIGN_STYLE = Automatic;
				CURRENT_PROJECT_VERSION = 1;
				DEVELOPMENT_ASSET_PATHS = "\"ToggleTest/Preview Content\"";
				DEVELOPMENT_TEAM = 4LBT7283WA;
				ENABLE_PREVIEWS = YES;
				GENERATE_INFOPLIST_FILE = YES;
				INFOPLIST_KEY_UIApplicationSceneManifest_Generation = YES;
				INFOPLIST_KEY_UIApplicationSupportsIndirectInputEvents = YES;
				INFOPLIST_KEY_UILaunchScreen_Generation = YES;
				INFOPLIST_KEY_UISupportedInterfaceOrientations_iPad = "UIInterfaceOrientationPortrait UIInterfaceOrientationPortraitUpsideDown UIInterfaceOrientationLandscapeLeft UIInterfaceOrientationLandscapeRight";
				INFOPLIST_KEY_UISupportedInterfaceOrientations_iPhone = "UIInterfaceOrientationPortrait UIInterfaceOrientationLandscapeLeft UIInterfaceOrientationLandscapeRight";
				LD_RUNPATH_SEARCH_PATHS = (
					"$(inherited)",
					"@executable_path/Frameworks",
				);
				MARKETING_VERSION = 1.0;
				PRODUCT_BUNDLE_IDENTIFIER = Sam.ToggleTest;
				PRODUCT_NAME = "$(TARGET_NAME)";
				SWIFT_EMIT_LOC_STRINGS = YES;
				SWIFT_VERSION = 5.0;
				TARGETED_DEVICE_FAMILY = "1,2";
			};
			name = Debug;
		};
		FE66C4542A103E3B00455998 /* Release */ = {
			isa = XCBuildConfiguration;
			buildSettings = {
				ASSETCATALOG_COMPILER_APPICON_NAME = AppIcon;
				ASSETCATALOG_COMPILER_GLOBAL_ACCENT_COLOR_NAME = AccentColor;
				CODE_SIGN_STYLE = Automatic;
				CURRENT_PROJECT_VERSION = 1;
				DEVELOPMENT_ASSET_PATHS = "\"ToggleTest/Preview Content\"";
				DEVELOPMENT_TEAM = 4LBT7283WA;
				ENABLE_PREVIEWS = YES;
				GENERATE_INFOPLIST_FILE = YES;
				INFOPLIST_KEY_UIApplicationSceneManifest_Generation = YES;
				INFOPLIST_KEY_UIApplicationSupportsIndirectInputEvents = YES;
				INFOPLIST_KEY_UILaunchScreen_Generation = YES;
				INFOPLIST_KEY_UISupportedInterfaceOrientations_iPad = "UIInterfaceOrientationPortrait UIInterfaceOrientationPortraitUpsideDown UIInterfaceOrientationLandscapeLeft UIInterfaceOrientationLandscapeRight";
				INFOPLIST_KEY_UISupportedInterfaceOrientations_iPhone = "UIInterfaceOrientationPortrait UIInterfaceOrientationLandscapeLeft UIInterfaceOrientationLandscapeRight";
				LD_RUNPATH_SEARCH_PATHS = (
					"$(inherited)",
					"@executable_path/Frameworks",
				);
				MARKETING_VERSION = 1.0;
				PRODUCT_BUNDLE_IDENTIFIER = Sam.ToggleTest;
				PRODUCT_NAME = "$(TARGET_NAME)";
				SWIFT_EMIT_LOC_STRINGS = YES;
				SWIFT_VERSION = 5.0;
				TARGETED_DEVICE_FAMILY = "1,2";
			};
			name = Release;
		};
		FE66C4562A103E3B00455998 /* Debug */ = {
			isa = XCBuildConfiguration;
			buildSettings = {
				ALWAYS_EMBED_SWIFT_STANDARD_LIBRARIES = YES;
				BUNDLE_LOADER = "$(TEST_HOST)";
				CODE_SIGN_STYLE = Automatic;
				CURRENT_PROJECT_VERSION = 1;
				DEVELOPMENT_TEAM = 4LBT7283WA;
				GENERATE_INFOPLIST_FILE = YES;
				IPHONEOS_DEPLOYMENT_TARGET = 16.4;
				MARKETING_VERSION = 1.0;
				PRODUCT_BUNDLE_IDENTIFIER = Sam.ToggleTestTests;
				PRODUCT_NAME = "$(TARGET_NAME)";
				SWIFT_EMIT_LOC_STRINGS = NO;
				SWIFT_VERSION = 5.0;
				TARGETED_DEVICE_FAMILY = "1,2";
				TEST_HOST = "$(BUILT_PRODUCTS_DIR)/ToggleTest.app/$(BUNDLE_EXECUTABLE_FOLDER_PATH)/ToggleTest";
			};
			name = Debug;
		};
		FE66C4572A103E3B00455998 /* Release */ = {
			isa = XCBuildConfiguration;
			buildSettings = {
				ALWAYS_EMBED_SWIFT_STANDARD_LIBRARIES = YES;
				BUNDLE_LOADER = "$(TEST_HOST)";
				CODE_SIGN_STYLE = Automatic;
				CURRENT_PROJECT_VERSION = 1;
				DEVELOPMENT_TEAM = 4LBT7283WA;
				GENERATE_INFOPLIST_FILE = YES;
				IPHONEOS_DEPLOYMENT_TARGET = 16.4;
				MARKETING_VERSION = 1.0;
				PRODUCT_BUNDLE_IDENTIFIER = Sam.ToggleTestTests;
				PRODUCT_NAME = "$(TARGET_NAME)";
				SWIFT_EMIT_LOC_STRINGS = NO;
				SWIFT_VERSION = 5.0;
				TARGETED_DEVICE_FAMILY = "1,2";
				TEST_HOST = "$(BUILT_PRODUCTS_DIR)/ToggleTest.app/$(BUNDLE_EXECUTABLE_FOLDER_PATH)/ToggleTest";
			};
			name = Release;
		};
		FE66C4592A103E3B00455998 /* Debug */ = {
			isa = XCBuildConfiguration;
			buildSettings = {
				ALWAYS_EMBED_SWIFT_STANDARD_LIBRARIES = YES;
				CODE_SIGN_STYLE = Automatic;
				CURRENT_PROJECT_VERSION = 1;
				DEVELOPMENT_TEAM = 4LBT7283WA;
				GENERATE_INFOPLIST_FILE = YES;
				MARKETING_VERSION = 1.0;
				PRODUCT_BUNDLE_IDENTIFIER = Sam.ToggleTestUITests;
				PRODUCT_NAME = "$(TARGET_NAME)";
				SWIFT_EMIT_LOC_STRINGS = NO;
				SWIFT_VERSION = 5.0;
				TARGETED_DEVICE_FAMILY = "1,2";
				TEST_TARGET_NAME = ToggleTest;
			};
			name = Debug;
		};
		FE66C45A2A103E3B00455998 /* Release */ = {
			isa = XCBuildConfiguration;
			buildSettings = {
				ALWAYS_EMBED_SWIFT_STANDARD_LIBRARIES = YES;
				CODE_SIGN_STYLE = Automatic;
				CURRENT_PROJECT_VERSION = 1;
				DEVELOPMENT_TEAM = 4LBT7283WA;
				GENERATE_INFOPLIST_FILE = YES;
				MARKETING_VERSION = 1.0;
				PRODUCT_BUNDLE_IDENTIFIER = Sam.ToggleTestUITests;
				PRODUCT_NAME = "$(TARGET_NAME)";
				SWIFT_EMIT_LOC_STRINGS = NO;
				SWIFT_VERSION = 5.0;
				TARGETED_DEVICE_FAMILY = "1,2";
				TEST_TARGET_NAME = ToggleTest;
			};
			name = Release;
		};
/* End XCBuildConfiguration section */

/* Begin XCConfigurationList section */
		FE66C4292A103E3900455998 /* Build configuration list for PBXProject "ToggleTest" */ = {
			isa = XCConfigurationList;
			buildConfigurations = (
				FE66C4502A103E3B00455998 /* Debug */,
				FE66C4512A103E3B00455998 /* Release */,
			);
			defaultConfigurationIsVisible = 0;
			defaultConfigurationName = Release;
		};
		FE66C4522A103E3B00455998 /* Build configuration list for PBXNativeTarget "ToggleTest" */ = {
			isa = XCConfigurationList;
			buildConfigurations = (
				FE66C4532A103E3B00455998 /* Debug */,
				FE66C4542A103E3B00455998 /* Release */,
			);
			defaultConfigurationIsVisible = 0;
			defaultConfigurationName = Release;
		};
		FE66C4552A103E3B00455998 /* Build configuration list for PBXNativeTarget "ToggleTestTests" */ = {
			isa = XCConfigurationList;
			buildConfigurations = (
				FE66C4562A103E3B00455998 /* Debug */,
				FE66C4572A103E3B00455998 /* Release */,
			);
			defaultConfigurationIsVisible = 0;
			defaultConfigurationName = Release;
		};
		FE66C4582A103E3B00455998 /* Build configuration list for PBXNativeTarget "ToggleTestUITests" */ = {
			isa = XCConfigurationList;
			buildConfigurations = (
				FE66C4592A103E3B00455998 /* Debug */,
				FE66C45A2A103E3B00455998 /* Release */,
			);
			defaultConfigurationIsVisible = 0;
			defaultConfigurationName = Release;
		};
/* End XCConfigurationList section */
	};
	rootObject = FE66C4262A103E3900455998 /* Project object */;
}
