// !$*UTF8*$!
{
	archiveVersion = 1;
	classes = {
	};
	objectVersion = 56;
	objects = {

/* Begin PBXBuildFile section */
		FE6AC59329F8698B0021E042 /* FigitTestApp.swift in Sources */ = {isa = PBXBuildFile; fileRef = FE6AC59229F8698B0021E042 /* FigitTestApp.swift */; };
		FE6AC59529F8698B0021E042 /* ContentView.swift in Sources */ = {isa = PBXBuildFile; fileRef = FE6AC59429F8698B0021E042 /* ContentView.swift */; };
		FE6AC59729F8698C0021E042 /* Assets.xcassets in Resources */ = {isa = PBXBuildFile; fileRef = FE6AC59629F8698C0021E042 /* Assets.xcassets */; };
		FE6AC59A29F8698C0021E042 /* Preview Assets.xcassets in Resources */ = {isa = PBXBuildFile; fileRef = FE6AC59929F8698C0021E042 /* Preview Assets.xcassets */; };
		FE6AC5A429F8698C0021E042 /* FigitTestTests.swift in Sources */ = {isa = PBXBuildFile; fileRef = FE6AC5A329F8698C0021E042 /* FigitTestTests.swift */; };
		FE6AC5AE29F8698C0021E042 /* FigitTestUITests.swift in Sources */ = {isa = PBXBuildFile; fileRef = FE6AC5AD29F8698C0021E042 /* FigitTestUITests.swift */; };
		FE6AC5B029F8698C0021E042 /* FigitTestUITestsLaunchTests.swift in Sources */ = {isa = PBXBuildFile; fileRef = FE6AC5AF29F8698C0021E042 /* FigitTestUITestsLaunchTests.swift */; };
		FE6AC5BD29F86A740021E042 /* ColorExtension.swift in Sources */ = {isa = PBXBuildFile; fileRef = FE6AC5BC29F86A740021E042 /* ColorExtension.swift */; };
		FE6AC5BF29F86AE60021E042 /* HapticsManager.swift in Sources */ = {isa = PBXBuildFile; fileRef = FE6AC5BE29F86AE60021E042 /* HapticsManager.swift */; };
		FE6AC5C129F86BAA0021E042 /* FidgetTextView.swift in Sources */ = {isa = PBXBuildFile; fileRef = FE6AC5C029F86BAA0021E042 /* FidgetTextView.swift */; };
/* End PBXBuildFile section */

/* Begin PBXContainerItemProxy section */
		FE6AC5A029F8698C0021E042 /* PBXContainerItemProxy */ = {
			isa = PBXContainerItemProxy;
			containerPortal = FE6AC58729F8698B0021E042 /* Project object */;
			proxyType = 1;
			remoteGlobalIDString = FE6AC58E29F8698B0021E042;
			remoteInfo = FigitTest;
		};
		FE6AC5AA29F8698C0021E042 /* PBXContainerItemProxy */ = {
			isa = PBXContainerItemProxy;
			containerPortal = FE6AC58729F8698B0021E042 /* Project object */;
			proxyType = 1;
			remoteGlobalIDString = FE6AC58E29F8698B0021E042;
			remoteInfo = FigitTest;
		};
/* End PBXContainerItemProxy section */

/* Begin PBXFileReference section */
		FE6AC58F29F8698B0021E042 /* FigitTest.app */ = {isa = PBXFileReference; explicitFileType = wrapper.application; includeInIndex = 0; path = FigitTest.app; sourceTree = BUILT_PRODUCTS_DIR; };
		FE6AC59229F8698B0021E042 /* FigitTestApp.swift */ = {isa = PBXFileReference; lastKnownFileType = sourcecode.swift; path = FigitTestApp.swift; sourceTree = "<group>"; };
		FE6AC59429F8698B0021E042 /* ContentView.swift */ = {isa = PBXFileReference; lastKnownFileType = sourcecode.swift; path = ContentView.swift; sourceTree = "<group>"; };
		FE6AC59629F8698C0021E042 /* Assets.xcassets */ = {isa = PBXFileReference; lastKnownFileType = folder.assetcatalog; path = Assets.xcassets; sourceTree = "<group>"; };
		FE6AC59929F8698C0021E042 /* Preview Assets.xcassets */ = {isa = PBXFileReference; lastKnownFileType = folder.assetcatalog; path = "Preview Assets.xcassets"; sourceTree = "<group>"; };
		FE6AC59F29F8698C0021E042 /* FigitTestTests.xctest */ = {isa = PBXFileReference; explicitFileType = wrapper.cfbundle; includeInIndex = 0; path = FigitTestTests.xctest; sourceTree = BUILT_PRODUCTS_DIR; };
		FE6AC5A329F8698C0021E042 /* FigitTestTests.swift */ = {isa = PBXFileReference; lastKnownFileType = sourcecode.swift; path = FigitTestTests.swift; sourceTree = "<group>"; };
		FE6AC5A929F8698C0021E042 /* FigitTestUITests.xctest */ = {isa = PBXFileReference; explicitFileType = wrapper.cfbundle; includeInIndex = 0; path = FigitTestUITests.xctest; sourceTree = BUILT_PRODUCTS_DIR; };
		FE6AC5AD29F8698C0021E042 /* FigitTestUITests.swift */ = {isa = PBXFileReference; lastKnownFileType = sourcecode.swift; path = FigitTestUITests.swift; sourceTree = "<group>"; };
		FE6AC5AF29F8698C0021E042 /* FigitTestUITestsLaunchTests.swift */ = {isa = PBXFileReference; lastKnownFileType = sourcecode.swift; path = FigitTestUITestsLaunchTests.swift; sourceTree = "<group>"; };
		FE6AC5BC29F86A740021E042 /* ColorExtension.swift */ = {isa = PBXFileReference; lastKnownFileType = sourcecode.swift; path = ColorExtension.swift; sourceTree = "<group>"; };
		FE6AC5BE29F86AE60021E042 /* HapticsManager.swift */ = {isa = PBXFileReference; lastKnownFileType = sourcecode.swift; path = HapticsManager.swift; sourceTree = "<group>"; };
		FE6AC5C029F86BAA0021E042 /* FidgetTextView.swift */ = {isa = PBXFileReference; lastKnownFileType = sourcecode.swift; path = FidgetTextView.swift; sourceTree = "<group>"; };
/* End PBXFileReference section */

/* Begin PBXFrameworksBuildPhase section */
		FE6AC58C29F8698B0021E042 /* Frameworks */ = {
			isa = PBXFrameworksBuildPhase;
			buildActionMask = 2147483647;
			files = (
			);
			runOnlyForDeploymentPostprocessing = 0;
		};
		FE6AC59C29F8698C0021E042 /* Frameworks */ = {
			isa = PBXFrameworksBuildPhase;
			buildActionMask = 2147483647;
			files = (
			);
			runOnlyForDeploymentPostprocessing = 0;
		};
		FE6AC5A629F8698C0021E042 /* Frameworks */ = {
			isa = PBXFrameworksBuildPhase;
			buildActionMask = 2147483647;
			files = (
			);
			runOnlyForDeploymentPostprocessing = 0;
		};
/* End PBXFrameworksBuildPhase section */

/* Begin PBXGroup section */
		FE6AC58629F8698B0021E042 = {
			isa = PBXGroup;
			children = (
				FE6AC59129F8698B0021E042 /* FigitTest */,
				FE6AC5A229F8698C0021E042 /* FigitTestTests */,
				FE6AC5AC29F8698C0021E042 /* FigitTestUITests */,
				FE6AC59029F8698B0021E042 /* Products */,
			);
			sourceTree = "<group>";
		};
		FE6AC59029F8698B0021E042 /* Products */ = {
			isa = PBXGroup;
			children = (
				FE6AC58F29F8698B0021E042 /* FigitTest.app */,
				FE6AC59F29F8698C0021E042 /* FigitTestTests.xctest */,
				FE6AC5A929F8698C0021E042 /* FigitTestUITests.xctest */,
			);
			name = Products;
			sourceTree = "<group>";
		};
		FE6AC59129F8698B0021E042 /* FigitTest */ = {
			isa = PBXGroup;
			children = (
				FE6AC59229F8698B0021E042 /* FigitTestApp.swift */,
				FE6AC59429F8698B0021E042 /* ContentView.swift */,
				FE6AC59629F8698C0021E042 /* Assets.xcassets */,
				FE6AC59829F8698C0021E042 /* Preview Content */,
				FE6AC5BC29F86A740021E042 /* ColorExtension.swift */,
				FE6AC5BE29F86AE60021E042 /* HapticsManager.swift */,
				FE6AC5C029F86BAA0021E042 /* FidgetTextView.swift */,
			);
			path = FigitTest;
			sourceTree = "<group>";
		};
		FE6AC59829F8698C0021E042 /* Preview Content */ = {
			isa = PBXGroup;
			children = (
				FE6AC59929F8698C0021E042 /* Preview Assets.xcassets */,
			);
			path = "Preview Content";
			sourceTree = "<group>";
		};
		FE6AC5A229F8698C0021E042 /* FigitTestTests */ = {
			isa = PBXGroup;
			children = (
				FE6AC5A329F8698C0021E042 /* FigitTestTests.swift */,
			);
			path = FigitTestTests;
			sourceTree = "<group>";
		};
		FE6AC5AC29F8698C0021E042 /* FigitTestUITests */ = {
			isa = PBXGroup;
			children = (
				FE6AC5AD29F8698C0021E042 /* FigitTestUITests.swift */,
				FE6AC5AF29F8698C0021E042 /* FigitTestUITestsLaunchTests.swift */,
			);
			path = FigitTestUITests;
			sourceTree = "<group>";
		};
/* End PBXGroup section */

/* Begin PBXNativeTarget section */
		FE6AC58E29F8698B0021E042 /* FigitTest */ = {
			isa = PBXNativeTarget;
			buildConfigurationList = FE6AC5B329F8698C0021E042 /* Build configuration list for PBXNativeTarget "FigitTest" */;
			buildPhases = (
				FE6AC58B29F8698B0021E042 /* Sources */,
				FE6AC58C29F8698B0021E042 /* Frameworks */,
				FE6AC58D29F8698B0021E042 /* Resources */,
			);
			buildRules = (
			);
			dependencies = (
			);
			name = FigitTest;
			productName = FigitTest;
			productReference = FE6AC58F29F8698B0021E042 /* FigitTest.app */;
			productType = "com.apple.product-type.application";
		};
		FE6AC59E29F8698C0021E042 /* FigitTestTests */ = {
			isa = PBXNativeTarget;
			buildConfigurationList = FE6AC5B629F8698C0021E042 /* Build configuration list for PBXNativeTarget "FigitTestTests" */;
			buildPhases = (
				FE6AC59B29F8698C0021E042 /* Sources */,
				FE6AC59C29F8698C0021E042 /* Frameworks */,
				FE6AC59D29F8698C0021E042 /* Resources */,
			);
			buildRules = (
			);
			dependencies = (
				FE6AC5A129F8698C0021E042 /* PBXTargetDependency */,
			);
			name = FigitTestTests;
			productName = FigitTestTests;
			productReference = FE6AC59F29F8698C0021E042 /* FigitTestTests.xctest */;
			productType = "com.apple.product-type.bundle.unit-test";
		};
		FE6AC5A829F8698C0021E042 /* FigitTestUITests */ = {
			isa = PBXNativeTarget;
			buildConfigurationList = FE6AC5B929F8698C0021E042 /* Build configuration list for PBXNativeTarget "FigitTestUITests" */;
			buildPhases = (
				FE6AC5A529F8698C0021E042 /* Sources */,
				FE6AC5A629F8698C0021E042 /* Frameworks */,
				FE6AC5A729F8698C0021E042 /* Resources */,
			);
			buildRules = (
			);
			dependencies = (
				FE6AC5AB29F8698C0021E042 /* PBXTargetDependency */,
			);
			name = FigitTestUITests;
			productName = FigitTestUITests;
			productReference = FE6AC5A929F8698C0021E042 /* FigitTestUITests.xctest */;
			productType = "com.apple.product-type.bundle.ui-testing";
		};
/* End PBXNativeTarget section */

/* Begin PBXProject section */
		FE6AC58729F8698B0021E042 /* Project object */ = {
			isa = PBXProject;
			attributes = {
				BuildIndependentTargetsInParallel = 1;
				LastSwiftUpdateCheck = 1420;
				LastUpgradeCheck = 1420;
				TargetAttributes = {
					FE6AC58E29F8698B0021E042 = {
						CreatedOnToolsVersion = 14.2;
					};
					FE6AC59E29F8698C0021E042 = {
						CreatedOnToolsVersion = 14.2;
						TestTargetID = FE6AC58E29F8698B0021E042;
					};
					FE6AC5A829F8698C0021E042 = {
						CreatedOnToolsVersion = 14.2;
						TestTargetID = FE6AC58E29F8698B0021E042;
					};
				};
			};
			buildConfigurationList = FE6AC58A29F8698B0021E042 /* Build configuration list for PBXProject "FigitTest" */;
			compatibilityVersion = "Xcode 14.0";
			developmentRegion = en;
			hasScannedForEncodings = 0;
			knownRegions = (
				en,
				Base,
			);
			mainGroup = FE6AC58629F8698B0021E042;
			productRefGroup = FE6AC59029F8698B0021E042 /* Products */;
			projectDirPath = "";
			projectRoot = "";
			targets = (
				FE6AC58E29F8698B0021E042 /* FigitTest */,
				FE6AC59E29F8698C0021E042 /* FigitTestTests */,
				FE6AC5A829F8698C0021E042 /* FigitTestUITests */,
			);
		};
/* End PBXProject section */

/* Begin PBXResourcesBuildPhase section */
		FE6AC58D29F8698B0021E042 /* Resources */ = {
			isa = PBXResourcesBuildPhase;
			buildActionMask = 2147483647;
			files = (
				FE6AC59A29F8698C0021E042 /* Preview Assets.xcassets in Resources */,
				FE6AC59729F8698C0021E042 /* Assets.xcassets in Resources */,
			);
			runOnlyForDeploymentPostprocessing = 0;
		};
		FE6AC59D29F8698C0021E042 /* Resources */ = {
			isa = PBXResourcesBuildPhase;
			buildActionMask = 2147483647;
			files = (
			);
			runOnlyForDeploymentPostprocessing = 0;
		};
		FE6AC5A729F8698C0021E042 /* Resources */ = {
			isa = PBXResourcesBuildPhase;
			buildActionMask = 2147483647;
			files = (
			);
			runOnlyForDeploymentPostprocessing = 0;
		};
/* End PBXResourcesBuildPhase section */

/* Begin PBXSourcesBuildPhase section */
		FE6AC58B29F8698B0021E042 /* Sources */ = {
			isa = PBXSourcesBuildPhase;
			buildActionMask = 2147483647;
			files = (
				FE6AC5BD29F86A740021E042 /* ColorExtension.swift in Sources */,
				FE6AC59529F8698B0021E042 /* ContentView.swift in Sources */,
				FE6AC5C129F86BAA0021E042 /* FidgetTextView.swift in Sources */,
				FE6AC5BF29F86AE60021E042 /* HapticsManager.swift in Sources */,
				FE6AC59329F8698B0021E042 /* FigitTestApp.swift in Sources */,
			);
			runOnlyForDeploymentPostprocessing = 0;
		};
		FE6AC59B29F8698C0021E042 /* Sources */ = {
			isa = PBXSourcesBuildPhase;
			buildActionMask = 2147483647;
			files = (
				FE6AC5A429F8698C0021E042 /* FigitTestTests.swift in Sources */,
			);
			runOnlyForDeploymentPostprocessing = 0;
		};
		FE6AC5A529F8698C0021E042 /* Sources */ = {
			isa = PBXSourcesBuildPhase;
			buildActionMask = 2147483647;
			files = (
				FE6AC5B029F8698C0021E042 /* FigitTestUITestsLaunchTests.swift in Sources */,
				FE6AC5AE29F8698C0021E042 /* FigitTestUITests.swift in Sources */,
			);
			runOnlyForDeploymentPostprocessing = 0;
		};
/* End PBXSourcesBuildPhase section */

/* Begin PBXTargetDependency section */
		FE6AC5A129F8698C0021E042 /* PBXTargetDependency */ = {
			isa = PBXTargetDependency;
			target = FE6AC58E29F8698B0021E042 /* FigitTest */;
			targetProxy = FE6AC5A029F8698C0021E042 /* PBXContainerItemProxy */;
		};
		FE6AC5AB29F8698C0021E042 /* PBXTargetDependency */ = {
			isa = PBXTargetDependency;
			target = FE6AC58E29F8698B0021E042 /* FigitTest */;
			targetProxy = FE6AC5AA29F8698C0021E042 /* PBXContainerItemProxy */;
		};
/* End PBXTargetDependency section */

/* Begin XCBuildConfiguration section */
		FE6AC5B129F8698C0021E042 /* Debug */ = {
			isa = XCBuildConfiguration;
			buildSettings = {
				ALWAYS_SEARCH_USER_PATHS = NO;
				CLANG_ANALYZER_NONNULL = YES;
				CLANG_ANALYZER_NUMBER_OBJECT_CONVERSION = YES_AGGRESSIVE;
				CLANG_CXX_LANGUAGE_STANDARD = "gnu++20";
				CLANG_ENABLE_MODULES = YES;
				CLANG_ENABLE_OBJC_ARC = YES;
				CLANG_ENABLE_OBJC_WEAK = YES;
				CLANG_WARN_BLOCK_CAPTURE_AUTORELEASING = YES;
				CLANG_WARN_BOOL_CONVERSION = YES;
				CLANG_WARN_COMMA = YES;
				CLANG_WARN_CONSTANT_CONVERSION = YES;
				CLANG_WARN_DEPRECATED_OBJC_IMPLEMENTATIONS = YES;
				CLANG_WARN_DIRECT_OBJC_ISA_USAGE = YES_ERROR;
				CLANG_WARN_DOCUMENTATION_COMMENTS = YES;
				CLANG_WARN_EMPTY_BODY = YES;
				CLANG_WARN_ENUM_CONVERSION = YES;
				CLANG_WARN_INFINITE_RECURSION = YES;
				CLANG_WARN_INT_CONVERSION = YES;
				CLANG_WARN_NON_LITERAL_NULL_CONVERSION = YES;
				CLANG_WARN_OBJC_IMPLICIT_RETAIN_SELF = YES;
				CLANG_WARN_OBJC_LITERAL_CONVERSION = YES;
				CLANG_WARN_OBJC_ROOT_CLASS = YES_ERROR;
				CLANG_WARN_QUOTED_INCLUDE_IN_FRAMEWORK_HEADER = YES;
				CLANG_WARN_RANGE_LOOP_ANALYSIS = YES;
				CLANG_WARN_STRICT_PROTOTYPES = YES;
				CLANG_WARN_SUSPICIOUS_MOVE = YES;
				CLANG_WARN_UNGUARDED_AVAILABILITY = YES_AGGRESSIVE;
				CLANG_WARN_UNREACHABLE_CODE = YES;
				CLANG_WARN__DUPLICATE_METHOD_MATCH = YES;
				COPY_PHASE_STRIP = NO;
				DEBUG_INFORMATION_FORMAT = dwarf;
				ENABLE_STRICT_OBJC_MSGSEND = YES;
				ENABLE_TESTABILITY = YES;
				GCC_C_LANGUAGE_STANDARD = gnu11;
				GCC_DYNAMIC_NO_PIC = NO;
				GCC_NO_COMMON_BLOCKS = YES;
				GCC_OPTIMIZATION_LEVEL = 0;
				GCC_PREPROCESSOR_DEFINITIONS = (
					"DEBUG=1",
					"$(inherited)",
				);
				GCC_WARN_64_TO_32_BIT_CONVERSION = YES;
				GCC_WARN_ABOUT_RETURN_TYPE = YES_ERROR;
				GCC_WARN_UNDECLARED_SELECTOR = YES;
				GCC_WARN_UNINITIALIZED_AUTOS = YES_AGGRESSIVE;
				GCC_WARN_UNUSED_FUNCTION = YES;
				GCC_WARN_UNUSED_VARIABLE = YES;
				IPHONEOS_DEPLOYMENT_TARGET = 16.2;
				MTL_ENABLE_DEBUG_INFO = INCLUDE_SOURCE;
				MTL_FAST_MATH = YES;
				ONLY_ACTIVE_ARCH = YES;
				SDKROOT = iphoneos;
				SWIFT_ACTIVE_COMPILATION_CONDITIONS = DEBUG;
				SWIFT_OPTIMIZATION_LEVEL = "-Onone";
			};
			name = Debug;
		};
		FE6AC5B229F8698C0021E042 /* Release */ = {
			isa = XCBuildConfiguration;
			buildSettings = {
				ALWAYS_SEARCH_USER_PATHS = NO;
				CLANG_ANALYZER_NONNULL = YES;
				CLANG_ANALYZER_NUMBER_OBJECT_CONVERSION = YES_AGGRESSIVE;
				CLANG_CXX_LANGUAGE_STANDARD = "gnu++20";
				CLANG_ENABLE_MODULES = YES;
				CLANG_ENABLE_OBJC_ARC = YES;
				CLANG_ENABLE_OBJC_WEAK = YES;
				CLANG_WARN_BLOCK_CAPTURE_AUTORELEASING = YES;
				CLANG_WARN_BOOL_CONVERSION = YES;
				CLANG_WARN_COMMA = YES;
				CLANG_WARN_CONSTANT_CONVERSION = YES;
				CLANG_WARN_DEPRECATED_OBJC_IMPLEMENTATIONS = YES;
				CLANG_WARN_DIRECT_OBJC_ISA_USAGE = YES_ERROR;
				CLANG_WARN_DOCUMENTATION_COMMENTS = YES;
				CLANG_WARN_EMPTY_BODY = YES;
				CLANG_WARN_ENUM_CONVERSION = YES;
				CLANG_WARN_INFINITE_RECURSION = YES;
				CLANG_WARN_INT_CONVERSION = YES;
				CLANG_WARN_NON_LITERAL_NULL_CONVERSION = YES;
				CLANG_WARN_OBJC_IMPLICIT_RETAIN_SELF = YES;
				CLANG_WARN_OBJC_LITERAL_CONVERSION = YES;
				CLANG_WARN_OBJC_ROOT_CLASS = YES_ERROR;
				CLANG_WARN_QUOTED_INCLUDE_IN_FRAMEWORK_HEADER = YES;
				CLANG_WARN_RANGE_LOOP_ANALYSIS = YES;
				CLANG_WARN_STRICT_PROTOTYPES = YES;
				CLANG_WARN_SUSPICIOUS_MOVE = YES;
				CLANG_WARN_UNGUARDED_AVAILABILITY = YES_AGGRESSIVE;
				CLANG_WARN_UNREACHABLE_CODE = YES;
				CLANG_WARN__DUPLICATE_METHOD_MATCH = YES;
				COPY_PHASE_STRIP = NO;
				DEBUG_INFORMATION_FORMAT = "dwarf-with-dsym";
				ENABLE_NS_ASSERTIONS = NO;
				ENABLE_STRICT_OBJC_MSGSEND = YES;
				GCC_C_LANGUAGE_STANDARD = gnu11;
				GCC_NO_COMMON_BLOCKS = YES;
				GCC_WARN_64_TO_32_BIT_CONVERSION = YES;
				GCC_WARN_ABOUT_RETURN_TYPE = YES_ERROR;
				GCC_WARN_UNDECLARED_SELECTOR = YES;
				GCC_WARN_UNINITIALIZED_AUTOS = YES_AGGRESSIVE;
				GCC_WARN_UNUSED_FUNCTION = YES;
				GCC_WARN_UNUSED_VARIABLE = YES;
				IPHONEOS_DEPLOYMENT_TARGET = 16.2;
				MTL_ENABLE_DEBUG_INFO = NO;
				MTL_FAST_MATH = YES;
				SDKROOT = iphoneos;
				SWIFT_COMPILATION_MODE = wholemodule;
				SWIFT_OPTIMIZATION_LEVEL = "-O";
				VALIDATE_PRODUCT = YES;
			};
			name = Release;
		};
		FE6AC5B429F8698C0021E042 /* Debug */ = {
			isa = XCBuildConfiguration;
			buildSettings = {
				ASSETCATALOG_COMPILER_APPICON_NAME = AppIcon;
				ASSETCATALOG_COMPILER_GLOBAL_ACCENT_COLOR_NAME = AccentColor;
				CODE_SIGN_STYLE = Automatic;
				CURRENT_PROJECT_VERSION = 1;
				DEVELOPMENT_ASSET_PATHS = "\"FigitTest/Preview Content\"";
				DEVELOPMENT_TEAM = 4LBT7283WA;
				ENABLE_PREVIEWS = YES;
				GENERATE_INFOPLIST_FILE = YES;
				INFOPLIST_KEY_UIApplicationSceneManifest_Generation = YES;
				INFOPLIST_KEY_UIApplicationSupportsIndirectInputEvents = YES;
				INFOPLIST_KEY_UILaunchScreen_Generation = YES;
				INFOPLIST_KEY_UISupportedInterfaceOrientations_iPad = "UIInterfaceOrientationPortrait UIInterfaceOrientationPortraitUpsideDown UIInterfaceOrientationLandscapeLeft UIInterfaceOrientationLandscapeRight";
				INFOPLIST_KEY_UISupportedInterfaceOrientations_iPhone = "UIInterfaceOrientationPortrait UIInterfaceOrientationLandscapeLeft UIInterfaceOrientationLandscapeRight";
				LD_RUNPATH_SEARCH_PATHS = (
					"$(inherited)",
					"@executable_path/Frameworks",
				);
				MARKETING_VERSION = 1.0;
				PRODUCT_BUNDLE_IDENTIFIER = Sam.FigitTest;
				PRODUCT_NAME = "$(TARGET_NAME)";
				SWIFT_EMIT_LOC_STRINGS = YES;
				SWIFT_VERSION = 5.0;
				TARGETED_DEVICE_FAMILY = "1,2";
			};
			name = Debug;
		};
		FE6AC5B529F8698C0021E042 /* Release */ = {
			isa = XCBuildConfiguration;
			buildSettings = {
				ASSETCATALOG_COMPILER_APPICON_NAME = AppIcon;
				ASSETCATALOG_COMPILER_GLOBAL_ACCENT_COLOR_NAME = AccentColor;
				CODE_SIGN_STYLE = Automatic;
				CURRENT_PROJECT_VERSION = 1;
				DEVELOPMENT_ASSET_PATHS = "\"FigitTest/Preview Content\"";
				DEVELOPMENT_TEAM = 4LBT7283WA;
				ENABLE_PREVIEWS = YES;
				GENERATE_INFOPLIST_FILE = YES;
				INFOPLIST_KEY_UIApplicationSceneManifest_Generation = YES;
				INFOPLIST_KEY_UIApplicationSupportsIndirectInputEvents = YES;
				INFOPLIST_KEY_UILaunchScreen_Generation = YES;
				INFOPLIST_KEY_UISupportedInterfaceOrientations_iPad = "UIInterfaceOrientationPortrait UIInterfaceOrientationPortraitUpsideDown UIInterfaceOrientationLandscapeLeft UIInterfaceOrientationLandscapeRight";
				INFOPLIST_KEY_UISupportedInterfaceOrientations_iPhone = "UIInterfaceOrientationPortrait UIInterfaceOrientationLandscapeLeft UIInterfaceOrientationLandscapeRight";
				LD_RUNPATH_SEARCH_PATHS = (
					"$(inherited)",
					"@executable_path/Frameworks",
				);
				MARKETING_VERSION = 1.0;
				PRODUCT_BUNDLE_IDENTIFIER = Sam.FigitTest;
				PRODUCT_NAME = "$(TARGET_NAME)";
				SWIFT_EMIT_LOC_STRINGS = YES;
				SWIFT_VERSION = 5.0;
				TARGETED_DEVICE_FAMILY = "1,2";
			};
			name = Release;
		};
		FE6AC5B729F8698C0021E042 /* Debug */ = {
			isa = XCBuildConfiguration;
			buildSettings = {
				ALWAYS_EMBED_SWIFT_STANDARD_LIBRARIES = YES;
				BUNDLE_LOADER = "$(TEST_HOST)";
				CODE_SIGN_STYLE = Automatic;
				CURRENT_PROJECT_VERSION = 1;
				DEVELOPMENT_TEAM = 4LBT7283WA;
				GENERATE_INFOPLIST_FILE = YES;
				IPHONEOS_DEPLOYMENT_TARGET = 16.2;
				MARKETING_VERSION = 1.0;
				PRODUCT_BUNDLE_IDENTIFIER = Sam.FigitTestTests;
				PRODUCT_NAME = "$(TARGET_NAME)";
				SWIFT_EMIT_LOC_STRINGS = NO;
				SWIFT_VERSION = 5.0;
				TARGETED_DEVICE_FAMILY = "1,2";
				TEST_HOST = "$(BUILT_PRODUCTS_DIR)/FigitTest.app/$(BUNDLE_EXECUTABLE_FOLDER_PATH)/FigitTest";
			};
			name = Debug;
		};
		FE6AC5B829F8698C0021E042 /* Release */ = {
			isa = XCBuildConfiguration;
			buildSettings = {
				ALWAYS_EMBED_SWIFT_STANDARD_LIBRARIES = YES;
				BUNDLE_LOADER = "$(TEST_HOST)";
				CODE_SIGN_STYLE = Automatic;
				CURRENT_PROJECT_VERSION = 1;
				DEVELOPMENT_TEAM = 4LBT7283WA;
				GENERATE_INFOPLIST_FILE = YES;
				IPHONEOS_DEPLOYMENT_TARGET = 16.2;
				MARKETING_VERSION = 1.0;
				PRODUCT_BUNDLE_IDENTIFIER = Sam.FigitTestTests;
				PRODUCT_NAME = "$(TARGET_NAME)";
				SWIFT_EMIT_LOC_STRINGS = NO;
				SWIFT_VERSION = 5.0;
				TARGETED_DEVICE_FAMILY = "1,2";
				TEST_HOST = "$(BUILT_PRODUCTS_DIR)/FigitTest.app/$(BUNDLE_EXECUTABLE_FOLDER_PATH)/FigitTest";
			};
			name = Release;
		};
		FE6AC5BA29F8698C0021E042 /* Debug */ = {
			isa = XCBuildConfiguration;
			buildSettings = {
				ALWAYS_EMBED_SWIFT_STANDARD_LIBRARIES = YES;
				CODE_SIGN_STYLE = Automatic;
				CURRENT_PROJECT_VERSION = 1;
				DEVELOPMENT_TEAM = 4LBT7283WA;
				GENERATE_INFOPLIST_FILE = YES;
				MARKETING_VERSION = 1.0;
				PRODUCT_BUNDLE_IDENTIFIER = Sam.FigitTestUITests;
				PRODUCT_NAME = "$(TARGET_NAME)";
				SWIFT_EMIT_LOC_STRINGS = NO;
				SWIFT_VERSION = 5.0;
				TARGETED_DEVICE_FAMILY = "1,2";
				TEST_TARGET_NAME = FigitTest;
			};
			name = Debug;
		};
		FE6AC5BB29F8698C0021E042 /* Release */ = {
			isa = XCBuildConfiguration;
			buildSettings = {
				ALWAYS_EMBED_SWIFT_STANDARD_LIBRARIES = YES;
				CODE_SIGN_STYLE = Automatic;
				CURRENT_PROJECT_VERSION = 1;
				DEVELOPMENT_TEAM = 4LBT7283WA;
				GENERATE_INFOPLIST_FILE = YES;
				MARKETING_VERSION = 1.0;
				PRODUCT_BUNDLE_IDENTIFIER = Sam.FigitTestUITests;
				PRODUCT_NAME = "$(TARGET_NAME)";
				SWIFT_EMIT_LOC_STRINGS = NO;
				SWIFT_VERSION = 5.0;
				TARGETED_DEVICE_FAMILY = "1,2";
				TEST_TARGET_NAME = FigitTest;
			};
			name = Release;
		};
/* End XCBuildConfiguration section */

/* Begin XCConfigurationList section */
		FE6AC58A29F8698B0021E042 /* Build configuration list for PBXProject "FigitTest" */ = {
			isa = XCConfigurationList;
			buildConfigurations = (
				FE6AC5B129F8698C0021E042 /* Debug */,
				FE6AC5B229F8698C0021E042 /* Release */,
			);
			defaultConfigurationIsVisible = 0;
			defaultConfigurationName = Release;
		};
		FE6AC5B329F8698C0021E042 /* Build configuration list for PBXNativeTarget "FigitTest" */ = {
			isa = XCConfigurationList;
			buildConfigurations = (
				FE6AC5B429F8698C0021E042 /* Debug */,
				FE6AC5B529F8698C0021E042 /* Release */,
			);
			defaultConfigurationIsVisible = 0;
			defaultConfigurationName = Release;
		};
		FE6AC5B629F8698C0021E042 /* Build configuration list for PBXNativeTarget "FigitTestTests" */ = {
			isa = XCConfigurationList;
			buildConfigurations = (
				FE6AC5B729F8698C0021E042 /* Debug */,
				FE6AC5B829F8698C0021E042 /* Release */,
			);
			defaultConfigurationIsVisible = 0;
			defaultConfigurationName = Release;
		};
		FE6AC5B929F8698C0021E042 /* Build configuration list for PBXNativeTarget "FigitTestUITests" */ = {
			isa = XCConfigurationList;
			buildConfigurations = (
				FE6AC5BA29F8698C0021E042 /* Debug */,
				FE6AC5BB29F8698C0021E042 /* Release */,
			);
			defaultConfigurationIsVisible = 0;
			defaultConfigurationName = Release;
		};
/* End XCConfigurationList section */
	};
	rootObject = FE6AC58729F8698B0021E042 /* Project object */;
}
